// !$*UTF8*$!
{
	archiveVersion = 1;
	classes = {
	};
	objectVersion = 55;
	objects = {

/* Begin PBXBuildFile section */
		E6476EEE271024BD00E52618 /* AppDelegate.swift in Sources */ = {isa = PBXBuildFile; fileRef = E6476EED271024BD00E52618 /* AppDelegate.swift */; };
		E6476EF0271024BD00E52618 /* SceneDelegate.swift in Sources */ = {isa = PBXBuildFile; fileRef = E6476EEF271024BD00E52618 /* SceneDelegate.swift */; };
		E6476EF2271024BD00E52618 /* ViewController.swift in Sources */ = {isa = PBXBuildFile; fileRef = E6476EF1271024BD00E52618 /* ViewController.swift */; };
		E6476EF7271024C000E52618 /* Assets.xcassets in Resources */ = {isa = PBXBuildFile; fileRef = E6476EF6271024C000E52618 /* Assets.xcassets */; };
		E6476EFA271024C000E52618 /* LaunchScreen.storyboard in Resources */ = {isa = PBXBuildFile; fileRef = E6476EF8271024C000E52618 /* LaunchScreen.storyboard */; };
		E6476F07271025B000E52618 /* Constants.swift in Sources */ = {isa = PBXBuildFile; fileRef = E6476F06271025B000E52618 /* Constants.swift */; };
		E6476F09271026EF00E52618 /* alarm_sound.mp3 in Resources */ = {isa = PBXBuildFile; fileRef = E6476F08271026EF00E52618 /* alarm_sound.mp3 */; };
		E69C43D127114654002042E1 /* EggButton.swift in Sources */ = {isa = PBXBuildFile; fileRef = E69C43D027114654002042E1 /* EggButton.swift */; };
		E69C43D327114B46002042E1 /* EggButtonBackgroundView.swift in Sources */ = {isa = PBXBuildFile; fileRef = E69C43D227114B46002042E1 /* EggButtonBackgroundView.swift */; };
		E69C43D527114B89002042E1 /* EggButtonType.swift in Sources */ = {isa = PBXBuildFile; fileRef = E69C43D427114B89002042E1 /* EggButtonType.swift */; };
/* End PBXBuildFile section */

/* Begin PBXFileReference section */
		E6476EEA271024BD00E52618 /* EggTimer.app */ = {isa = PBXFileReference; explicitFileType = wrapper.application; includeInIndex = 0; path = EggTimer.app; sourceTree = BUILT_PRODUCTS_DIR; };
		E6476EED271024BD00E52618 /* AppDelegate.swift */ = {isa = PBXFileReference; lastKnownFileType = sourcecode.swift; path = AppDelegate.swift; sourceTree = "<group>"; };
		E6476EEF271024BD00E52618 /* SceneDelegate.swift */ = {isa = PBXFileReference; lastKnownFileType = sourcecode.swift; path = SceneDelegate.swift; sourceTree = "<group>"; };
		E6476EF1271024BD00E52618 /* ViewController.swift */ = {isa = PBXFileReference; lastKnownFileType = sourcecode.swift; path = ViewController.swift; sourceTree = "<group>"; };
		E6476EF6271024C000E52618 /* Assets.xcassets */ = {isa = PBXFileReference; lastKnownFileType = folder.assetcatalog; path = Assets.xcassets; sourceTree = "<group>"; };
		E6476EF9271024C000E52618 /* Base */ = {isa = PBXFileReference; lastKnownFileType = file.storyboard; name = Base; path = Base.lproj/LaunchScreen.storyboard; sourceTree = "<group>"; };
		E6476EFB271024C000E52618 /* Info.plist */ = {isa = PBXFileReference; lastKnownFileType = text.plist.xml; path = Info.plist; sourceTree = "<group>"; };
		E6476F06271025B000E52618 /* Constants.swift */ = {isa = PBXFileReference; lastKnownFileType = sourcecode.swift; path = Constants.swift; sourceTree = "<group>"; };
		E6476F08271026EF00E52618 /* alarm_sound.mp3 */ = {isa = PBXFileReference; lastKnownFileType = audio.mp3; path = alarm_sound.mp3; sourceTree = "<group>"; };
		E69C43D027114654002042E1 /* EggButton.swift */ = {isa = PBXFileReference; lastKnownFileType = sourcecode.swift; path = EggButton.swift; sourceTree = "<group>"; };
		E69C43D227114B46002042E1 /* EggButtonBackgroundView.swift */ = {isa = PBXFileReference; lastKnownFileType = sourcecode.swift; path = EggButtonBackgroundView.swift; sourceTree = "<group>"; };
		E69C43D427114B89002042E1 /* EggButtonType.swift */ = {isa = PBXFileReference; lastKnownFileType = sourcecode.swift; path = EggButtonType.swift; sourceTree = "<group>"; };
/* End PBXFileReference section */

/* Begin PBXFrameworksBuildPhase section */
		E6476EE7271024BD00E52618 /* Frameworks */ = {
			isa = PBXFrameworksBuildPhase;
			buildActionMask = 2147483647;
			files = (
			);
			runOnlyForDeploymentPostprocessing = 0;
		};
/* End PBXFrameworksBuildPhase section */

/* Begin PBXGroup section */
		E6476EE1271024BD00E52618 = {
			isa = PBXGroup;
			children = (
				E6476EEC271024BD00E52618 /* EggTimer */,
				E6476EEB271024BD00E52618 /* Products */,
			);
			sourceTree = "<group>";
		};
		E6476EEB271024BD00E52618 /* Products */ = {
			isa = PBXGroup;
			children = (
				E6476EEA271024BD00E52618 /* EggTimer.app */,
			);
			name = Products;
			sourceTree = "<group>";
		};
		E6476EEC271024BD00E52618 /* EggTimer */ = {
			isa = PBXGroup;
			children = (
				E6476EED271024BD00E52618 /* AppDelegate.swift */,
				E6476EEF271024BD00E52618 /* SceneDelegate.swift */,
				E6476F032710258A00E52618 /* Models */,
				E6476F022710258200E52618 /* Views */,
				E6476F012710257C00E52618 /* Controllers */,
				E6476F05271025A500E52618 /* Utilities */,
				E6476EF6271024C000E52618 /* Assets.xcassets */,
				E6476EFB271024C000E52618 /* Info.plist */,
			);
			path = EggTimer;
			sourceTree = "<group>";
		};
		E6476F012710257C00E52618 /* Controllers */ = {
			isa = PBXGroup;
			children = (
				E6476EF1271024BD00E52618 /* ViewController.swift */,
			);
			path = Controllers;
			sourceTree = "<group>";
		};
		E6476F022710258200E52618 /* Views */ = {
			isa = PBXGroup;
			children = (
				E69C43CF271145F2002042E1 /* Customizes */,
				E6476F042710259100E52618 /* Storyboards */,
			);
			path = Views;
			sourceTree = "<group>";
		};
		E6476F032710258A00E52618 /* Models */ = {
			isa = PBXGroup;
			children = (
				E69C43D427114B89002042E1 /* EggButtonType.swift */,
			);
			path = Models;
			sourceTree = "<group>";
		};
		E6476F042710259100E52618 /* Storyboards */ = {
			isa = PBXGroup;
			children = (
				E6476EF8271024C000E52618 /* LaunchScreen.storyboard */,
			);
			path = Storyboards;
			sourceTree = "<group>";
		};
		E6476F05271025A500E52618 /* Utilities */ = {
			isa = PBXGroup;
			children = (
				E6476F0A271026F400E52618 /* Sounds */,
				E6476F06271025B000E52618 /* Constants.swift */,
			);
			path = Utilities;
			sourceTree = "<group>";
		};
		E6476F0A271026F400E52618 /* Sounds */ = {
			isa = PBXGroup;
			children = (
				E6476F08271026EF00E52618 /* alarm_sound.mp3 */,
			);
			path = Sounds;
			sourceTree = "<group>";
		};
		E69C43CF271145F2002042E1 /* Customizes */ = {
			isa = PBXGroup;
			children = (
				E69C43D027114654002042E1 /* EggButton.swift */,
				E69C43D227114B46002042E1 /* EggButtonBackgroundView.swift */,
			);
			path = Customizes;
			sourceTree = "<group>";
		};
/* End PBXGroup section */

/* Begin PBXNativeTarget section */
		E6476EE9271024BD00E52618 /* EggTimer */ = {
			isa = PBXNativeTarget;
			buildConfigurationList = E6476EFE271024C000E52618 /* Build configuration list for PBXNativeTarget "EggTimer" */;
			buildPhases = (
				E6476EE6271024BD00E52618 /* Sources */,
				E6476EE7271024BD00E52618 /* Frameworks */,
				E6476EE8271024BD00E52618 /* Resources */,
			);
			buildRules = (
			);
			dependencies = (
			);
			name = EggTimer;
			productName = EggTimer;
			productReference = E6476EEA271024BD00E52618 /* EggTimer.app */;
			productType = "com.apple.product-type.application";
		};
/* End PBXNativeTarget section */

/* Begin PBXProject section */
		E6476EE2271024BD00E52618 /* Project object */ = {
			isa = PBXProject;
			attributes = {
				BuildIndependentTargetsInParallel = 1;
				LastSwiftUpdateCheck = 1300;
				LastUpgradeCheck = 1300;
				TargetAttributes = {
					E6476EE9271024BD00E52618 = {
						CreatedOnToolsVersion = 13.0;
					};
				};
			};
			buildConfigurationList = E6476EE5271024BD00E52618 /* Build configuration list for PBXProject "EggTimer" */;
			compatibilityVersion = "Xcode 13.0";
			developmentRegion = en;
			hasScannedForEncodings = 0;
			knownRegions = (
				en,
				Base,
			);
			mainGroup = E6476EE1271024BD00E52618;
			productRefGroup = E6476EEB271024BD00E52618 /* Products */;
			projectDirPath = "";
			projectRoot = "";
			targets = (
				E6476EE9271024BD00E52618 /* EggTimer */,
			);
		};
/* End PBXProject section */

/* Begin PBXResourcesBuildPhase section */
		E6476EE8271024BD00E52618 /* Resources */ = {
			isa = PBXResourcesBuildPhase;
			buildActionMask = 2147483647;
			files = (
				E6476EFA271024C000E52618 /* LaunchScreen.storyboard in Resources */,
				E6476F09271026EF00E52618 /* alarm_sound.mp3 in Resources */,
				E6476EF7271024C000E52618 /* Assets.xcassets in Resources */,
			);
			runOnlyForDeploymentPostprocessing = 0;
		};
/* End PBXResourcesBuildPhase section */

/* Begin PBXSourcesBuildPhase section */
		E6476EE6271024BD00E52618 /* Sources */ = {
			isa = PBXSourcesBuildPhase;
			buildActionMask = 2147483647;
			files = (
				E69C43D327114B46002042E1 /* EggButtonBackgroundView.swift in Sources */,
				E6476EF2271024BD00E52618 /* ViewController.swift in Sources */,
				E69C43D527114B89002042E1 /* EggButtonType.swift in Sources */,
				E69C43D127114654002042E1 /* EggButton.swift in Sources */,
				E6476EEE271024BD00E52618 /* AppDelegate.swift in Sources */,
				E6476EF0271024BD00E52618 /* SceneDelegate.swift in Sources */,
				E6476F07271025B000E52618 /* Constants.swift in Sources */,
			);
			runOnlyForDeploymentPostprocessing = 0;
		};
/* End PBXSourcesBuildPhase section */

/* Begin PBXVariantGroup section */
		E6476EF8271024C000E52618 /* LaunchScreen.storyboard */ = {
			isa = PBXVariantGroup;
			children = (
				E6476EF9271024C000E52618 /* Base */,
			);
			name = LaunchScreen.storyboard;
			sourceTree = "<group>";
		};
/* End PBXVariantGroup section */

/* Begin XCBuildConfiguration section */
		E6476EFC271024C000E52618 /* Debug */ = {
			isa = XCBuildConfiguration;
			buildSettings = {
				ALWAYS_SEARCH_USER_PATHS = NO;
				CLANG_ANALYZER_NONNULL = YES;
				CLANG_ANALYZER_NUMBER_OBJECT_CONVERSION = YES_AGGRESSIVE;
				CLANG_CXX_LANGUAGE_STANDARD = "gnu++17";
				CLANG_CXX_LIBRARY = "libc++";
				CLANG_ENABLE_MODULES = YES;
				CLANG_ENABLE_OBJC_ARC = YES;
				CLANG_ENABLE_OBJC_WEAK = YES;
				CLANG_WARN_BLOCK_CAPTURE_AUTORELEASING = YES;
				CLANG_WARN_BOOL_CONVERSION = YES;
				CLANG_WARN_COMMA = YES;
				CLANG_WARN_CONSTANT_CONVERSION = YES;
				CLANG_WARN_DEPRECATED_OBJC_IMPLEMENTATIONS = YES;
				CLANG_WARN_DIRECT_OBJC_ISA_USAGE = YES_ERROR;
				CLANG_WARN_DOCUMENTATION_COMMENTS = YES;
				CLANG_WARN_EMPTY_BODY = YES;
				CLANG_WARN_ENUM_CONVERSION = YES;
				CLANG_WARN_INFINITE_RECURSION = YES;
				CLANG_WARN_INT_CONVERSION = YES;
				CLANG_WARN_NON_LITERAL_NULL_CONVERSION = YES;
				CLANG_WARN_OBJC_IMPLICIT_RETAIN_SELF = YES;
				CLANG_WARN_OBJC_LITERAL_CONVERSION = YES;
				CLANG_WARN_OBJC_ROOT_CLASS = YES_ERROR;
				CLANG_WARN_QUOTED_INCLUDE_IN_FRAMEWORK_HEADER = YES;
				CLANG_WARN_RANGE_LOOP_ANALYSIS = YES;
				CLANG_WARN_STRICT_PROTOTYPES = YES;
				CLANG_WARN_SUSPICIOUS_MOVE = YES;
				CLANG_WARN_UNGUARDED_AVAILABILITY = YES_AGGRESSIVE;
				CLANG_WARN_UNREACHABLE_CODE = YES;
				CLANG_WARN__DUPLICATE_METHOD_MATCH = YES;
				COPY_PHASE_STRIP = NO;
				DEBUG_INFORMATION_FORMAT = dwarf;
				ENABLE_STRICT_OBJC_MSGSEND = YES;
				ENABLE_TESTABILITY = YES;
				GCC_C_LANGUAGE_STANDARD = gnu11;
				GCC_DYNAMIC_NO_PIC = NO;
				GCC_NO_COMMON_BLOCKS = YES;
				GCC_OPTIMIZATION_LEVEL = 0;
				GCC_PREPROCESSOR_DEFINITIONS = (
					"DEBUG=1",
					"$(inherited)",
				);
				GCC_WARN_64_TO_32_BIT_CONVERSION = YES;
				GCC_WARN_ABOUT_RETURN_TYPE = YES_ERROR;
				GCC_WARN_UNDECLARED_SELECTOR = YES;
				GCC_WARN_UNINITIALIZED_AUTOS = YES_AGGRESSIVE;
				GCC_WARN_UNUSED_FUNCTION = YES;
				GCC_WARN_UNUSED_VARIABLE = YES;
				IPHONEOS_DEPLOYMENT_TARGET = 15.0;
				MTL_ENABLE_DEBUG_INFO = INCLUDE_SOURCE;
				MTL_FAST_MATH = YES;
				ONLY_ACTIVE_ARCH = YES;
				SDKROOT = iphoneos;
				SWIFT_ACTIVE_COMPILATION_CONDITIONS = DEBUG;
				SWIFT_OPTIMIZATION_LEVEL = "-Onone";
			};
			name = Debug;
		};
		E6476EFD271024C000E52618 /* Release */ = {
			isa = XCBuildConfiguration;
			buildSettings = {
				ALWAYS_SEARCH_USER_PATHS = NO;
				CLANG_ANALYZER_NONNULL = YES;
				CLANG_ANALYZER_NUMBER_OBJECT_CONVERSION = YES_AGGRESSIVE;
				CLANG_CXX_LANGUAGE_STANDARD = "gnu++17";
				CLANG_CXX_LIBRARY = "libc++";
				CLANG_ENABLE_MODULES = YES;
				CLANG_ENABLE_OBJC_ARC = YES;
				CLANG_ENABLE_OBJC_WEAK = YES;
				CLANG_WARN_BLOCK_CAPTURE_AUTORELEASING = YES;
				CLANG_WARN_BOOL_CONVERSION = YES;
				CLANG_WARN_COMMA = YES;
				CLANG_WARN_CONSTANT_CONVERSION = YES;
				CLANG_WARN_DEPRECATED_OBJC_IMPLEMENTATIONS = YES;
				CLANG_WARN_DIRECT_OBJC_ISA_USAGE = YES_ERROR;
				CLANG_WARN_DOCUMENTATION_COMMENTS = YES;
				CLANG_WARN_EMPTY_BODY = YES;
				CLANG_WARN_ENUM_CONVERSION = YES;
				CLANG_WARN_INFINITE_RECURSION = YES;
				CLANG_WARN_INT_CONVERSION = YES;
				CLANG_WARN_NON_LITERAL_NULL_CONVERSION = YES;
				CLANG_WARN_OBJC_IMPLICIT_RETAIN_SELF = YES;
				CLANG_WARN_OBJC_LITERAL_CONVERSION = YES;
				CLANG_WARN_OBJC_ROOT_CLASS = YES_ERROR;
				CLANG_WARN_QUOTED_INCLUDE_IN_FRAMEWORK_HEADER = YES;
				CLANG_WARN_RANGE_LOOP_ANALYSIS = YES;
				CLANG_WARN_STRICT_PROTOTYPES = YES;
				CLANG_WARN_SUSPICIOUS_MOVE = YES;
				CLANG_WARN_UNGUARDED_AVAILABILITY = YES_AGGRESSIVE;
				CLANG_WARN_UNREACHABLE_CODE = YES;
				CLANG_WARN__DUPLICATE_METHOD_MATCH = YES;
				COPY_PHASE_STRIP = NO;
				DEBUG_INFORMATION_FORMAT = "dwarf-with-dsym";
				ENABLE_NS_ASSERTIONS = NO;
				ENABLE_STRICT_OBJC_MSGSEND = YES;
				GCC_C_LANGUAGE_STANDARD = gnu11;
				GCC_NO_COMMON_BLOCKS = YES;
				GCC_WARN_64_TO_32_BIT_CONVERSION = YES;
				GCC_WARN_ABOUT_RETURN_TYPE = YES_ERROR;
				GCC_WARN_UNDECLARED_SELECTOR = YES;
				GCC_WARN_UNINITIALIZED_AUTOS = YES_AGGRESSIVE;
				GCC_WARN_UNUSED_FUNCTION = YES;
				GCC_WARN_UNUSED_VARIABLE = YES;
				IPHONEOS_DEPLOYMENT_TARGET = 15.0;
				MTL_ENABLE_DEBUG_INFO = NO;
				MTL_FAST_MATH = YES;
				SDKROOT = iphoneos;
				SWIFT_COMPILATION_MODE = wholemodule;
				SWIFT_OPTIMIZATION_LEVEL = "-O";
				VALIDATE_PRODUCT = YES;
			};
			name = Release;
		};
		E6476EFF271024C000E52618 /* Debug */ = {
			isa = XCBuildConfiguration;
			buildSettings = {
				ASSETCATALOG_COMPILER_APPICON_NAME = AppIcon;
				ASSETCATALOG_COMPILER_GLOBAL_ACCENT_COLOR_NAME = AccentColor;
				CODE_SIGN_STYLE = Automatic;
				CURRENT_PROJECT_VERSION = 1;
				GENERATE_INFOPLIST_FILE = YES;
				INFOPLIST_FILE = EggTimer/Info.plist;
				INFOPLIST_KEY_UIApplicationSupportsIndirectInputEvents = YES;
				INFOPLIST_KEY_UILaunchStoryboardName = LaunchScreen;
				INFOPLIST_KEY_UISupportedInterfaceOrientations_iPad = "UIInterfaceOrientationPortrait UIInterfaceOrientationPortraitUpsideDown UIInterfaceOrientationLandscapeLeft UIInterfaceOrientationLandscapeRight";
				INFOPLIST_KEY_UISupportedInterfaceOrientations_iPhone = "UIInterfaceOrientationPortrait UIInterfaceOrientationLandscapeLeft UIInterfaceOrientationLandscapeRight";
				LD_RUNPATH_SEARCH_PATHS = (
					"$(inherited)",
					"@executable_path/Frameworks",
				);
				MARKETING_VERSION = 1.0;
				PRODUCT_BUNDLE_IDENTIFIER = lehoanganh.EggTimer;
				PRODUCT_NAME = "$(TARGET_NAME)";
				SWIFT_EMIT_LOC_STRINGS = YES;
				SWIFT_VERSION = 5.0;
				TARGETED_DEVICE_FAMILY = "1,2";
			};
			name = Debug;
		};
		E6476F00271024C000E52618 /* Release */ = {
			isa = XCBuildConfiguration;
			buildSettings = {
				ASSETCATALOG_COMPILER_APPICON_NAME = AppIcon;
				ASSETCATALOG_COMPILER_GLOBAL_ACCENT_COLOR_NAME = AccentColor;
				CODE_SIGN_STYLE = Automatic;
				CURRENT_PROJECT_VERSION = 1;
				GENERATE_INFOPLIST_FILE = YES;
				INFOPLIST_FILE = EggTimer/Info.plist;
				INFOPLIST_KEY_UIApplicationSupportsIndirectInputEvents = YES;
				INFOPLIST_KEY_UILaunchStoryboardName = LaunchScreen;
				INFOPLIST_KEY_UISupportedInterfaceOrientations_iPad = "UIInterfaceOrientationPortrait UIInterfaceOrientationPortraitUpsideDown UIInterfaceOrientationLandscapeLeft UIInterfaceOrientationLandscapeRight";
				INFOPLIST_KEY_UISupportedInterfaceOrientations_iPhone = "UIInterfaceOrientationPortrait UIInterfaceOrientationLandscapeLeft UIInterfaceOrientationLandscapeRight";
				LD_RUNPATH_SEARCH_PATHS = (
					"$(inherited)",
					"@executable_path/Frameworks",
				);
				MARKETING_VERSION = 1.0;
				PRODUCT_BUNDLE_IDENTIFIER = lehoanganh.EggTimer;
				PRODUCT_NAME = "$(TARGET_NAME)";
				SWIFT_EMIT_LOC_STRINGS = YES;
				SWIFT_VERSION = 5.0;
				TARGETED_DEVICE_FAMILY = "1,2";
			};
			name = Release;
		};
/* End XCBuildConfiguration section */

/* Begin XCConfigurationList section */
		E6476EE5271024BD00E52618 /* Build configuration list for PBXProject "EggTimer" */ = {
			isa = XCConfigurationList;
			buildConfigurations = (
				E6476EFC271024C000E52618 /* Debug */,
				E6476EFD271024C000E52618 /* Release */,
			);
			defaultConfigurationIsVisible = 0;
			defaultConfigurationName = Release;
		};
		E6476EFE271024C000E52618 /* Build configuration list for PBXNativeTarget "EggTimer" */ = {
			isa = XCConfigurationList;
			buildConfigurations = (
				E6476EFF271024C000E52618 /* Debug */,
				E6476F00271024C000E52618 /* Release */,
			);
			defaultConfigurationIsVisible = 0;
			defaultConfigurationName = Release;
		};
/* End XCConfigurationList section */
	};
	rootObject = E6476EE2271024BD00E52618 /* Project object */;
}
